
Microsoft Visual Studio Solution File, Format Version 12.00
# Visual Studio 15
VisualStudioVersion = 15.0.27004.2002
MinimumVisualStudioVersion = 10.0.40219.1
Project("{FAE04EC0-301F-11D3-BF4B-00C04F79EFBC}") = "CurrencyConverter", "CurrencyConverter\CurrencyConverter.csproj", "{87B69437-8DFE-4D9F-AF8F-31EB7E012E05}"
EndProject
Project("{FAE04EC0-301F-11D3-BF4B-00C04F79EFBC}") = "CurrencyConverter.API", "CurrencyConverter.API\CurrencyConverter.API.csproj", "{CFCB1066-EB19-477C-B074-712BEC08E202}"
EndProject
Project("{FAE04EC0-301F-11D3-BF4B-00C04F79EFBC}") = "CurrencyConverter.Test", "CurrencyConverter.Test\CurrencyConverter.Test.csproj", "{2899D115-96E1-4116-9503-37E51DC7053A}"
EndProject
Global
	GlobalSection(SolutionConfigurationPlatforms) = preSolution
		Debug|Any CPU = Debug|Any CPU
		Release|Any CPU = Release|Any CPU
	EndGlobalSection
	GlobalSection(ProjectConfigurationPlatforms) = postSolution
		{87B69437-8DFE-4D9F-AF8F-31EB7E012E05}.Debug|Any CPU.ActiveCfg = Debug|Any CPU
		{87B69437-8DFE-4D9F-AF8F-31EB7E012E05}.Debug|Any CPU.Build.0 = Debug|Any CPU
		{87B69437-8DFE-4D9F-AF8F-31EB7E012E05}.Release|Any CPU.ActiveCfg = Release|Any CPU
		{87B69437-8DFE-4D9F-AF8F-31EB7E012E05}.Release|Any CPU.Build.0 = Release|Any CPU
		{CFCB1066-EB19-477C-B074-712BEC08E202}.Debug|Any CPU.ActiveCfg = Debug|Any CPU
		{CFCB1066-EB19-477C-B074-712BEC08E202}.Debug|Any CPU.Build.0 = Debug|Any CPU
		{CFCB1066-EB19-477C-B074-712BEC08E202}.Release|Any CPU.ActiveCfg = Release|Any CPU
		{CFCB1066-EB19-477C-B074-712BEC08E202}.Release|Any CPU.Build.0 = Release|Any CPU
		{2899D115-96E1-4116-9503-37E51DC7053A}.Debug|Any CPU.ActiveCfg = Debug|Any CPU
		{2899D115-96E1-4116-9503-37E51DC7053A}.Debug|Any CPU.Build.0 = Debug|Any CPU
		{2899D115-96E1-4116-9503-37E51DC7053A}.Release|Any CPU.ActiveCfg = Release|Any CPU
		{2899D115-96E1-4116-9503-37E51DC7053A}.Release|Any CPU.Build.0 = Release|Any CPU
	EndGlobalSection
	GlobalSection(SolutionProperties) = preSolution
		HideSolutionNode = FALSE
	EndGlobalSection
	GlobalSection(ExtensibilityGlobals) = postSolution
		SolutionGuid = {F214B6B1-4D09-4620-8A31-02249073899B}
	EndGlobalSection
EndGlobal
